
Microsoft Visual Studio Solution File, Format Version 12.00
# Visual Studio Version 17
VisualStudioVersion = 17.8.34316.72
MinimumVisualStudioVersion = 10.0.40219.1
Project("{9A19103F-16F7-4668-BE54-9A1E7A4F7556}") = "UI.Server", "BlazorApp3\UI.Server.csproj", "{A157D42A-D720-49F6-ACA2-EF87E433A602}"
EndProject
Project("{9A19103F-16F7-4668-BE54-9A1E7A4F7556}") = "UI.Client", "BlazorApp3.Client\UI.Client.csproj", "{02CEC2DD-E5B2-429E-A540-DA4C64E03063}"
EndProject
Project("{2150E333-8FDC-42A3-9474-1A3956D46DE8}") = "5 - Presentation", "5 - Presentation", "{48E48AE3-DE12-4100-94B9-0CBCF56803EF}"
EndProject
Project("{2150E333-8FDC-42A3-9474-1A3956D46DE8}") = "1 - Core", "1 - Core", "{04C98C9A-ECBD-4EA4-B027-1C8B68FEA948}"
EndProject
Project("{2150E333-8FDC-42A3-9474-1A3956D46DE8}") = "1.1 - Domain", "1.1 - Domain", "{B9D1AE36-3148-41B6-95B2-653A1AFCD818}"
EndProject
Project("{2150E333-8FDC-42A3-9474-1A3956D46DE8}") = "2 - Infraestrutura", "2 - Infraestrutura", "{25EFCAFF-8473-4450-9A1B-CA133F205FEB}"
EndProject
Project("{9A19103F-16F7-4668-BE54-9A1E7A4F7556}") = "Domain", "..\Domain\Domain.csproj", "{4283574B-DB53-44FF-BC7D-AD83029BEF2C}"
EndProject
Project("{9A19103F-16F7-4668-BE54-9A1E7A4F7556}") = "Infraestrutura", "..\Infraestrutura\Infraestrutura.csproj", "{D7D99F38-9690-44D6-982D-A4CE9E8FA620}"
EndProject
Project("{2150E333-8FDC-42A3-9474-1A3956D46DE8}") = "6 - API", "6 - API", "{EA31D9B4-4674-4AC7-ADE6-E341AB644A0F}"
EndProject
Project("{2150E333-8FDC-42A3-9474-1A3956D46DE8}") = "1.2 - Application", "1.2 - Application", "{D378A77E-5C18-4DBF-BB2C-28716044E12E}"
EndProject
Project("{2150E333-8FDC-42A3-9474-1A3956D46DE8}") = "2.1 - Persistence", "2.1 - Persistence", "{8899E5BD-1864-4021-A51B-5E7D8414A3B8}"
EndProject
Project("{2150E333-8FDC-42A3-9474-1A3956D46DE8}") = "2.2 - Services", "2.2 - Services", "{04D04965-4051-41B2-8E0C-FEE7F69BCCD0}"
EndProject
Project("{2150E333-8FDC-42A3-9474-1A3956D46DE8}") = "2.3 - Framework", "2.3 - Framework", "{87D7C619-B882-483F-B023-D7297B115A53}"
EndProject
Project("{9A19103F-16F7-4668-BE54-9A1E7A4F7556}") = "Application", "Application\Application.csproj", "{BED6098B-DB06-4954-B577-83D4983BF68F}"
EndProject
Project("{9A19103F-16F7-4668-BE54-9A1E7A4F7556}") = "ServiceCommon", "ServiceCommon\ServiceCommon.csproj", "{73372638-6627-4B1C-953A-192B28B1E199}"
EndProject
Project("{FAE04EC0-301F-11D3-BF4B-00C04F79EFBC}") = "API.Server", "API.Server\API.Server.csproj", "{159D040E-8E22-409D-BD7F-73579F713820}"
EndProject
Project("{2150E333-8FDC-42A3-9474-1A3956D46DE8}") = "7 - Test", "7 - Test", "{7F189955-7EDF-407D-B885-DE4EFE04F2BC}"
EndProject
Project("{FAE04EC0-301F-11D3-BF4B-00C04F79EFBC}") = "Application.Tests", "Application.Tests\Application.Tests.csproj", "{374B38FA-AD1F-4A4E-8E41-4F50A0678EA0}"
EndProject
Global
	GlobalSection(SolutionConfigurationPlatforms) = preSolution
		Debug|Any CPU = Debug|Any CPU
		Release|Any CPU = Release|Any CPU
	EndGlobalSection
	GlobalSection(ProjectConfigurationPlatforms) = postSolution
		{A157D42A-D720-49F6-ACA2-EF87E433A602}.Debug|Any CPU.ActiveCfg = Debug|Any CPU
		{A157D42A-D720-49F6-ACA2-EF87E433A602}.Debug|Any CPU.Build.0 = Debug|Any CPU
		{A157D42A-D720-49F6-ACA2-EF87E433A602}.Release|Any CPU.ActiveCfg = Release|Any CPU
		{A157D42A-D720-49F6-ACA2-EF87E433A602}.Release|Any CPU.Build.0 = Release|Any CPU
		{02CEC2DD-E5B2-429E-A540-DA4C64E03063}.Debug|Any CPU.ActiveCfg = Debug|Any CPU
		{02CEC2DD-E5B2-429E-A540-DA4C64E03063}.Debug|Any CPU.Build.0 = Debug|Any CPU
		{02CEC2DD-E5B2-429E-A540-DA4C64E03063}.Release|Any CPU.ActiveCfg = Release|Any CPU
		{02CEC2DD-E5B2-429E-A540-DA4C64E03063}.Release|Any CPU.Build.0 = Release|Any CPU
		{4283574B-DB53-44FF-BC7D-AD83029BEF2C}.Debug|Any CPU.ActiveCfg = Debug|Any CPU
		{4283574B-DB53-44FF-BC7D-AD83029BEF2C}.Debug|Any CPU.Build.0 = Debug|Any CPU
		{4283574B-DB53-44FF-BC7D-AD83029BEF2C}.Release|Any CPU.ActiveCfg = Release|Any CPU
		{4283574B-DB53-44FF-BC7D-AD83029BEF2C}.Release|Any CPU.Build.0 = Release|Any CPU
		{D7D99F38-9690-44D6-982D-A4CE9E8FA620}.Debug|Any CPU.ActiveCfg = Debug|Any CPU
		{D7D99F38-9690-44D6-982D-A4CE9E8FA620}.Debug|Any CPU.Build.0 = Debug|Any CPU
		{D7D99F38-9690-44D6-982D-A4CE9E8FA620}.Release|Any CPU.ActiveCfg = Release|Any CPU
		{D7D99F38-9690-44D6-982D-A4CE9E8FA620}.Release|Any CPU.Build.0 = Release|Any CPU
		{BED6098B-DB06-4954-B577-83D4983BF68F}.Debug|Any CPU.ActiveCfg = Debug|Any CPU
		{BED6098B-DB06-4954-B577-83D4983BF68F}.Debug|Any CPU.Build.0 = Debug|Any CPU
		{BED6098B-DB06-4954-B577-83D4983BF68F}.Release|Any CPU.ActiveCfg = Release|Any CPU
		{BED6098B-DB06-4954-B577-83D4983BF68F}.Release|Any CPU.Build.0 = Release|Any CPU
		{73372638-6627-4B1C-953A-192B28B1E199}.Debug|Any CPU.ActiveCfg = Debug|Any CPU
		{73372638-6627-4B1C-953A-192B28B1E199}.Debug|Any CPU.Build.0 = Debug|Any CPU
		{73372638-6627-4B1C-953A-192B28B1E199}.Release|Any CPU.ActiveCfg = Release|Any CPU
		{73372638-6627-4B1C-953A-192B28B1E199}.Release|Any CPU.Build.0 = Release|Any CPU
		{159D040E-8E22-409D-BD7F-73579F713820}.Debug|Any CPU.ActiveCfg = Debug|Any CPU
		{159D040E-8E22-409D-BD7F-73579F713820}.Debug|Any CPU.Build.0 = Debug|Any CPU
		{159D040E-8E22-409D-BD7F-73579F713820}.Release|Any CPU.ActiveCfg = Release|Any CPU
		{159D040E-8E22-409D-BD7F-73579F713820}.Release|Any CPU.Build.0 = Release|Any CPU
		{374B38FA-AD1F-4A4E-8E41-4F50A0678EA0}.Debug|Any CPU.ActiveCfg = Debug|Any CPU
		{374B38FA-AD1F-4A4E-8E41-4F50A0678EA0}.Debug|Any CPU.Build.0 = Debug|Any CPU
		{374B38FA-AD1F-4A4E-8E41-4F50A0678EA0}.Release|Any CPU.ActiveCfg = Release|Any CPU
		{374B38FA-AD1F-4A4E-8E41-4F50A0678EA0}.Release|Any CPU.Build.0 = Release|Any CPU
	EndGlobalSection
	GlobalSection(SolutionProperties) = preSolution
		HideSolutionNode = FALSE
	EndGlobalSection
	GlobalSection(NestedProjects) = preSolution
		{A157D42A-D720-49F6-ACA2-EF87E433A602} = {48E48AE3-DE12-4100-94B9-0CBCF56803EF}
		{02CEC2DD-E5B2-429E-A540-DA4C64E03063} = {48E48AE3-DE12-4100-94B9-0CBCF56803EF}
		{B9D1AE36-3148-41B6-95B2-653A1AFCD818} = {04C98C9A-ECBD-4EA4-B027-1C8B68FEA948}
		{4283574B-DB53-44FF-BC7D-AD83029BEF2C} = {B9D1AE36-3148-41B6-95B2-653A1AFCD818}
		{D7D99F38-9690-44D6-982D-A4CE9E8FA620} = {8899E5BD-1864-4021-A51B-5E7D8414A3B8}
		{D378A77E-5C18-4DBF-BB2C-28716044E12E} = {04C98C9A-ECBD-4EA4-B027-1C8B68FEA948}
		{8899E5BD-1864-4021-A51B-5E7D8414A3B8} = {25EFCAFF-8473-4450-9A1B-CA133F205FEB}
		{04D04965-4051-41B2-8E0C-FEE7F69BCCD0} = {25EFCAFF-8473-4450-9A1B-CA133F205FEB}
		{87D7C619-B882-483F-B023-D7297B115A53} = {25EFCAFF-8473-4450-9A1B-CA133F205FEB}
		{BED6098B-DB06-4954-B577-83D4983BF68F} = {D378A77E-5C18-4DBF-BB2C-28716044E12E}
		{73372638-6627-4B1C-953A-192B28B1E199} = {04D04965-4051-41B2-8E0C-FEE7F69BCCD0}
		{159D040E-8E22-409D-BD7F-73579F713820} = {EA31D9B4-4674-4AC7-ADE6-E341AB644A0F}
		{374B38FA-AD1F-4A4E-8E41-4F50A0678EA0} = {7F189955-7EDF-407D-B885-DE4EFE04F2BC}
	EndGlobalSection
	GlobalSection(ExtensibilityGlobals) = postSolution
		SolutionGuid = {35E31351-70A1-4949-8CFF-A476490CEF1C}
	EndGlobalSection
EndGlobal
