
Microsoft Visual Studio Solution File, Format Version 12.00
# Visual Studio Version 17
VisualStudioVersion = 17.8.34316.72
MinimumVisualStudioVersion = 10.0.40219.1
Project("{2150E333-8FDC-42A3-9474-1A3956D46DE8}") = "5 - Presentation", "5 - Presentation", "{48E48AE3-DE12-4100-94B9-0CBCF56803EF}"
EndProject
Project("{2150E333-8FDC-42A3-9474-1A3956D46DE8}") = "1 - Core", "1 - Core", "{04C98C9A-ECBD-4EA4-B027-1C8B68FEA948}"
EndProject
Project("{2150E333-8FDC-42A3-9474-1A3956D46DE8}") = "2 - Infraestrutura", "2 - Infraestrutura", "{25EFCAFF-8473-4450-9A1B-CA133F205FEB}"
EndProject
Project("{2150E333-8FDC-42A3-9474-1A3956D46DE8}") = "6 - API", "6 - API", "{EA31D9B4-4674-4AC7-ADE6-E341AB644A0F}"
EndProject
Project("{9A19103F-16F7-4668-BE54-9A1E7A4F7556}") = "API.Server", "API.Server\API.Server.csproj", "{159D040E-8E22-409D-BD7F-73579F713820}"
EndProject
Project("{2150E333-8FDC-42A3-9474-1A3956D46DE8}") = "7 - Test", "7 - Test", "{7F189955-7EDF-407D-B885-DE4EFE04F2BC}"
EndProject
Project("{9A19103F-16F7-4668-BE54-9A1E7A4F7556}") = "Tests.Server", "Application.Tests\Tests.Server.csproj", "{374B38FA-AD1F-4A4E-8E41-4F50A0678EA0}"
EndProject
Project("{9A19103F-16F7-4668-BE54-9A1E7A4F7556}") = "Service.Interface", "Core.Application\Service.Interface.csproj", "{FA4982B3-8BB6-4F0E-B4E0-C6CDA56B5B7D}"
EndProject
Project("{9A19103F-16F7-4668-BE54-9A1E7A4F7556}") = "UI.Server", "UI.Server\UI.Server.csproj", "{0FCC34FB-38E8-43B0-86CE-A2F31183E19D}"
EndProject
Project("{9A19103F-16F7-4668-BE54-9A1E7A4F7556}") = "UI.Client", "UI.Client\UI.Client.csproj", "{DEB99FCA-3B22-4F97-91A6-49F6B72F5A69}"
EndProject
Project("{9A19103F-16F7-4668-BE54-9A1E7A4F7556}") = "Service.Application", "Infra.Service\Service.Application.csproj", "{D95CB3A3-24AE-48FF-BFEB-CFE59512B54B}"
EndProject
Project("{9A19103F-16F7-4668-BE54-9A1E7A4F7556}") = "Infra.Persistence", "Infra.Persistence\Infra.Persistence.csproj", "{46F77842-5699-418A-AB51-CF9A9AEF9479}"
EndProject
Project("{9A19103F-16F7-4668-BE54-9A1E7A4F7556}") = "Core.Domain", "Core.Domain\Core.Domain.csproj", "{2D262640-2538-4849-8212-6A8F7DCAFC1C}"
EndProject
Project("{FAE04EC0-301F-11D3-BF4B-00C04F79EFBC}") = "API.Rabbit", "Api.RabbitMQ\API.Rabbit.csproj", "{5B97C0AE-6D8F-40DC-AA90-16759F81BC6D}"
EndProject
Project("{2150E333-8FDC-42A3-9474-1A3956D46DE8}") = "3 - Services", "3 - Services", "{8B6E9881-9F73-441D-8738-134FE2B03F9C}"
EndProject
Project("{FAE04EC0-301F-11D3-BF4B-00C04F79EFBC}") = "Infra.IoC", "Infra.IoC\Infra.IoC.csproj", "{EF2C4638-22DB-476A-A4F4-868DC539FA22}"
EndProject
Project("{FAE04EC0-301F-11D3-BF4B-00C04F79EFBC}") = "Service.Rabbit.Consumer", "Service.Rabbit.Consumer\Service.Rabbit.Consumer.csproj", "{468DEDEF-DB50-48DC-85AA-775625AC51A4}"
EndProject
Global
	GlobalSection(SolutionConfigurationPlatforms) = preSolution
		Debug|Any CPU = Debug|Any CPU
		Release|Any CPU = Release|Any CPU
	EndGlobalSection
	GlobalSection(ProjectConfigurationPlatforms) = postSolution
		{159D040E-8E22-409D-BD7F-73579F713820}.Debug|Any CPU.ActiveCfg = Debug|Any CPU
		{159D040E-8E22-409D-BD7F-73579F713820}.Debug|Any CPU.Build.0 = Debug|Any CPU
		{159D040E-8E22-409D-BD7F-73579F713820}.Release|Any CPU.ActiveCfg = Release|Any CPU
		{159D040E-8E22-409D-BD7F-73579F713820}.Release|Any CPU.Build.0 = Release|Any CPU
		{374B38FA-AD1F-4A4E-8E41-4F50A0678EA0}.Debug|Any CPU.ActiveCfg = Debug|Any CPU
		{374B38FA-AD1F-4A4E-8E41-4F50A0678EA0}.Debug|Any CPU.Build.0 = Debug|Any CPU
		{374B38FA-AD1F-4A4E-8E41-4F50A0678EA0}.Release|Any CPU.ActiveCfg = Release|Any CPU
		{374B38FA-AD1F-4A4E-8E41-4F50A0678EA0}.Release|Any CPU.Build.0 = Release|Any CPU
		{FA4982B3-8BB6-4F0E-B4E0-C6CDA56B5B7D}.Debug|Any CPU.ActiveCfg = Debug|Any CPU
		{FA4982B3-8BB6-4F0E-B4E0-C6CDA56B5B7D}.Debug|Any CPU.Build.0 = Debug|Any CPU
		{FA4982B3-8BB6-4F0E-B4E0-C6CDA56B5B7D}.Release|Any CPU.ActiveCfg = Release|Any CPU
		{FA4982B3-8BB6-4F0E-B4E0-C6CDA56B5B7D}.Release|Any CPU.Build.0 = Release|Any CPU
		{0FCC34FB-38E8-43B0-86CE-A2F31183E19D}.Debug|Any CPU.ActiveCfg = Debug|Any CPU
		{0FCC34FB-38E8-43B0-86CE-A2F31183E19D}.Debug|Any CPU.Build.0 = Debug|Any CPU
		{0FCC34FB-38E8-43B0-86CE-A2F31183E19D}.Release|Any CPU.ActiveCfg = Release|Any CPU
		{0FCC34FB-38E8-43B0-86CE-A2F31183E19D}.Release|Any CPU.Build.0 = Release|Any CPU
		{DEB99FCA-3B22-4F97-91A6-49F6B72F5A69}.Debug|Any CPU.ActiveCfg = Debug|Any CPU
		{DEB99FCA-3B22-4F97-91A6-49F6B72F5A69}.Debug|Any CPU.Build.0 = Debug|Any CPU
		{DEB99FCA-3B22-4F97-91A6-49F6B72F5A69}.Release|Any CPU.ActiveCfg = Release|Any CPU
		{DEB99FCA-3B22-4F97-91A6-49F6B72F5A69}.Release|Any CPU.Build.0 = Release|Any CPU
		{D95CB3A3-24AE-48FF-BFEB-CFE59512B54B}.Debug|Any CPU.ActiveCfg = Debug|Any CPU
		{D95CB3A3-24AE-48FF-BFEB-CFE59512B54B}.Debug|Any CPU.Build.0 = Debug|Any CPU
		{D95CB3A3-24AE-48FF-BFEB-CFE59512B54B}.Release|Any CPU.ActiveCfg = Release|Any CPU
		{D95CB3A3-24AE-48FF-BFEB-CFE59512B54B}.Release|Any CPU.Build.0 = Release|Any CPU
		{46F77842-5699-418A-AB51-CF9A9AEF9479}.Debug|Any CPU.ActiveCfg = Debug|Any CPU
		{46F77842-5699-418A-AB51-CF9A9AEF9479}.Debug|Any CPU.Build.0 = Debug|Any CPU
		{46F77842-5699-418A-AB51-CF9A9AEF9479}.Release|Any CPU.ActiveCfg = Release|Any CPU
		{46F77842-5699-418A-AB51-CF9A9AEF9479}.Release|Any CPU.Build.0 = Release|Any CPU
		{2D262640-2538-4849-8212-6A8F7DCAFC1C}.Debug|Any CPU.ActiveCfg = Debug|Any CPU
		{2D262640-2538-4849-8212-6A8F7DCAFC1C}.Debug|Any CPU.Build.0 = Debug|Any CPU
		{2D262640-2538-4849-8212-6A8F7DCAFC1C}.Release|Any CPU.ActiveCfg = Release|Any CPU
		{2D262640-2538-4849-8212-6A8F7DCAFC1C}.Release|Any CPU.Build.0 = Release|Any CPU
		{5B97C0AE-6D8F-40DC-AA90-16759F81BC6D}.Debug|Any CPU.ActiveCfg = Debug|Any CPU
		{5B97C0AE-6D8F-40DC-AA90-16759F81BC6D}.Debug|Any CPU.Build.0 = Debug|Any CPU
		{5B97C0AE-6D8F-40DC-AA90-16759F81BC6D}.Release|Any CPU.ActiveCfg = Release|Any CPU
		{5B97C0AE-6D8F-40DC-AA90-16759F81BC6D}.Release|Any CPU.Build.0 = Release|Any CPU
		{EF2C4638-22DB-476A-A4F4-868DC539FA22}.Debug|Any CPU.ActiveCfg = Debug|Any CPU
		{EF2C4638-22DB-476A-A4F4-868DC539FA22}.Debug|Any CPU.Build.0 = Debug|Any CPU
		{EF2C4638-22DB-476A-A4F4-868DC539FA22}.Release|Any CPU.ActiveCfg = Release|Any CPU
		{EF2C4638-22DB-476A-A4F4-868DC539FA22}.Release|Any CPU.Build.0 = Release|Any CPU
		{468DEDEF-DB50-48DC-85AA-775625AC51A4}.Debug|Any CPU.ActiveCfg = Debug|Any CPU
		{468DEDEF-DB50-48DC-85AA-775625AC51A4}.Debug|Any CPU.Build.0 = Debug|Any CPU
		{468DEDEF-DB50-48DC-85AA-775625AC51A4}.Release|Any CPU.ActiveCfg = Release|Any CPU
		{468DEDEF-DB50-48DC-85AA-775625AC51A4}.Release|Any CPU.Build.0 = Release|Any CPU
	EndGlobalSection
	GlobalSection(SolutionProperties) = preSolution
		HideSolutionNode = FALSE
	EndGlobalSection
	GlobalSection(NestedProjects) = preSolution
		{159D040E-8E22-409D-BD7F-73579F713820} = {EA31D9B4-4674-4AC7-ADE6-E341AB644A0F}
		{374B38FA-AD1F-4A4E-8E41-4F50A0678EA0} = {7F189955-7EDF-407D-B885-DE4EFE04F2BC}
		{FA4982B3-8BB6-4F0E-B4E0-C6CDA56B5B7D} = {8B6E9881-9F73-441D-8738-134FE2B03F9C}
		{0FCC34FB-38E8-43B0-86CE-A2F31183E19D} = {48E48AE3-DE12-4100-94B9-0CBCF56803EF}
		{DEB99FCA-3B22-4F97-91A6-49F6B72F5A69} = {48E48AE3-DE12-4100-94B9-0CBCF56803EF}
		{D95CB3A3-24AE-48FF-BFEB-CFE59512B54B} = {8B6E9881-9F73-441D-8738-134FE2B03F9C}
		{46F77842-5699-418A-AB51-CF9A9AEF9479} = {25EFCAFF-8473-4450-9A1B-CA133F205FEB}
		{2D262640-2538-4849-8212-6A8F7DCAFC1C} = {04C98C9A-ECBD-4EA4-B027-1C8B68FEA948}
		{5B97C0AE-6D8F-40DC-AA90-16759F81BC6D} = {EA31D9B4-4674-4AC7-ADE6-E341AB644A0F}
		{EF2C4638-22DB-476A-A4F4-868DC539FA22} = {25EFCAFF-8473-4450-9A1B-CA133F205FEB}
		{468DEDEF-DB50-48DC-85AA-775625AC51A4} = {8B6E9881-9F73-441D-8738-134FE2B03F9C}
	EndGlobalSection
	GlobalSection(ExtensibilityGlobals) = postSolution
		SolutionGuid = {35E31351-70A1-4949-8CFF-A476490CEF1C}
	EndGlobalSection
EndGlobal
